
Microsoft Visual Studio Solution File, Format Version 12.00
# Visual Studio Version 17
VisualStudioVersion = 17.4.33205.214
MinimumVisualStudioVersion = 10.0.40219.1
Project("{FAE04EC0-301F-11D3-BF4B-00C04F79EFBC}") = "firstTaskk", "firstTaskk\firstTaskk.csproj", "{61AD0AA5-17AA-48D0-B066-1B1E79CC0F62}"
EndProject
Global
	GlobalSection(SolutionConfigurationPlatforms) = preSolution
		Debug|Any CPU = Debug|Any CPU
		Release|Any CPU = Release|Any CPU
	EndGlobalSection
	GlobalSection(ProjectConfigurationPlatforms) = postSolution
		{61AD0AA5-17AA-48D0-B066-1B1E79CC0F62}.Debug|Any CPU.ActiveCfg = Debug|Any CPU
		{61AD0AA5-17AA-48D0-B066-1B1E79CC0F62}.Debug|Any CPU.Build.0 = Debug|Any CPU
		{61AD0AA5-17AA-48D0-B066-1B1E79CC0F62}.Release|Any CPU.ActiveCfg = Release|Any CPU
		{61AD0AA5-17AA-48D0-B066-1B1E79CC0F62}.Release|Any CPU.Build.0 = Release|Any CPU
	EndGlobalSection
	GlobalSection(SolutionProperties) = preSolution
		HideSolutionNode = FALSE
	EndGlobalSection
	GlobalSection(ExtensibilityGlobals) = postSolution
		SolutionGuid = {DBE9096D-C609-4243-BBDC-8307CD131C39}
	EndGlobalSection
EndGlobal
